<?xml version="1.0" encoding="utf-8"?>
<Project ToolsVersion="4.0" xmlns="http://schemas.microsoft.com/developer/msbuild/2003">
  <ItemGroup>
    <Filter Include="Source Files">
      <UniqueIdentifier>{4FC737F1-C7A5-4376-A066-2A32D752A2FF}</UniqueIdentifier>
      <Extensions>cpp;c;cc;cxx;def;odl;idl;hpj;bat;asm;asmx</Extensions>
    </Filter>
    <Filter Include="Header Files">
      <UniqueIdentifier>{93995380-89BD-4b04-88EB-625FBE52EBFB}</UniqueIdentifier>
      <Extensions>h;hh;hpp;hxx;hm;inl;inc;xsd</Extensions>
    </Filter>
    <Filter Include="Resurse">
      <UniqueIdentifier>{b5e1e49d-a711-475b-bdcf-f8227b130d8b}</UniqueIdentifier>
    </Filter>
    <Filter Include="Imagini">
      <UniqueIdentifier>{0fd598f3-fc2a-40d1-bb97-d82c51ba83cc}</UniqueIdentifier>
    </Filter>
  </ItemGroup>
  <ItemGroup>
    <ClCompile Include="MeniuPrincipal.cpp">
      <Filter>Source Files</Filter>
    </ClCompile>
    <ClCompile Include="Pacient.cpp">
      <Filter>Source Files</Filter>
    </ClCompile>
    <ClCompile Include="XMLManager.cpp">
      <Filter>Source Files</Filter>
    </ClCompile>
    <ClCompile Include="PrelucrareImagine.cpp">
      <Filter>Source Files</Filter>
    </ClCompile>
  </ItemGroup>
  <ItemGroup>
    <ClInclude Include="MeniuPrincipal.h">
      <Filter>Header Files</Filter>
    </ClInclude>
    <ClInclude Include="Pacient.h">
      <Filter>Header Files</Filter>
    </ClInclude>
    <ClInclude Include="XMLManager.h">
      <Filter>Header Files</Filter>
    </ClInclude>
    <ClInclude Include="AdaugaPacientUserControl.h">
      <Filter>Header Files</Filter>
    </ClInclude>
    <ClInclude Include="ButonCautare.h">
      <Filter>Header Files</Filter>
    </ClInclude>
    <ClInclude Include="ButonRotund.h">
      <Filter>Header Files</Filter>
    </ClInclude>
    <ClInclude Include="PrelucrareImagine.h">
      <Filter>Header Files</Filter>
    </ClInclude>
  </ItemGroup>
  <ItemGroup>
    <EmbeddedResource Include="ImageResources.resx">
      <Filter>Resurse</Filter>
    </EmbeddedResource>
    <EmbeddedResource Include="MeniuPrincipal.resx" />
  </ItemGroup>
  <ItemGroup>
    <Image Include="Imagini\searchIcon.png">
      <Filter>Imagini</Filter>
    </Image>
    <Image Include="Imagini\plus.png" />
    <Image Include="Imagini\plus_2.jpg" />
    <Image Include="Imagini\plus_3.png" />
    <Image Include="Imagini\rose1.jpg" />
    <Image Include="Imagini\rose3.jpg" />
  </ItemGroup>
  <ItemGroup>
    <Xml Include="XMLPacienti.xml">
      <Filter>Resurse</Filter>
    </Xml>
  </ItemGroup>
</Project>